hash: e5f2ca41b87af92293a43c85a230e0bf666f45d51e65145690ea653b0d3cf83c
updated: 2017-03-18T13:28:12.984617986-04:00
imports:
- name: github.com/mongodb/amboy
  version: 11ed5e9e8137c9a4d0f9b9b0626d564f6ea9b949
- name: github.com/mongodb/grip
  version: d95fa8b035aec46d608d34e1118a74ae749586b7
- name: github.com/mongodb/jasper
  version: 247cda787a0893d0032dbf227952cf14e38dd06b

- name: github.com/pkg/errors
  version: 059132a15dd08d6704c67711dae0cf35ab991756
- name: golang.org/x/sys
  version: bd437916bb0eb726b873ee8e9b2dcf212d32e2fd

- name: github.com/urfave/cli
  version: 01857ac33766ce0c93856370626f9799281c14f4

- name: github.com/google/shlex
  version: c34317bd91bf98fab745d77b03933cf8769299fe
- name: github.com/mitchellh/go-homedir
  version: 981ab348d865cf048eb7d17e78ac7192632d8415g
- name: gopkg.in/yaml.v2
  version: c34317bd91bf98fab745d77b03933cf8769299fe
- name: go.mongodb.org/mongo-driver
  version: 305bc4a5e4131420fe8ba5628e6faa9e6ade4e86
- name: gopkg.in/mgo.v2
  version: a6b53ec6cb22a3699387a57a161566f9402ee85b


testImports: []
