hash: e5f2ca41b87af92293a43c85a230e0bf666f45d51e65145690ea653b0d3cf83c
updated: 2017-03-18T13:28:12.984617986-04:00
imports:
- name: github.com/mongodb/amboy
  version: 45ee6f1e790a2fdf28a7d6acaf61c2ffc1da9629
- name: github.com/mongodb/grip
  version: af5d4f01dce67c1dafa9c9a9334f9cae31b2b437
- name: github.com/pkg/errors
  version: 01fa4104b9c248c8945d14d9f128454d5b28d595

- name: github.com/urfave/cli
  version: 01857ac33766ce0c93856370626f9799281c14f4
- name: gopkg.in/mgo.v2
  version: 3f83fa5005286a7fe593b055f0d7771a7dce4655
testImports: []
